
Microsoft Visual Studio Solution File, Format Version 12.00
# Visual Studio Version 16
VisualStudioVersion = 16.0.31005.135
MinimumVisualStudioVersion = 10.0.40219.1
Project("{9A19103F-16F7-4668-BE54-9A1E7A4F7556}") = "GenSci.FamilyBudget.DataContext", "GenSci.FamilyBudget.DataContext\GenSci.FamilyBudget.DataContext.csproj", "{0D464B8D-5AA2-403D-9788-CC357CAA6233}"
EndProject
Project("{9A19103F-16F7-4668-BE54-9A1E7A4F7556}") = "GenSci.FamilyBudget.WebApi", "GenSci.FamilyBudget.WebApi\GenSci.FamilyBudget.WebApi.csproj", "{BF9986EA-4E7B-47D4-AA4A-BE045D099FDA}"
EndProject
Project("{2150E333-8FDC-42A3-9474-1A3956D46DE8}") = "NewFolder1", "NewFolder1", "{95156592-81DE-4F32-9AA5-5F7E93B719D4}"
EndProject
Global
	GlobalSection(SolutionConfigurationPlatforms) = preSolution
		Debug|Any CPU = Debug|Any CPU
		Release|Any CPU = Release|Any CPU
	EndGlobalSection
	GlobalSection(ProjectConfigurationPlatforms) = postSolution
		{0D464B8D-5AA2-403D-9788-CC357CAA6233}.Debug|Any CPU.ActiveCfg = Debug|Any CPU
		{0D464B8D-5AA2-403D-9788-CC357CAA6233}.Debug|Any CPU.Build.0 = Debug|Any CPU
		{0D464B8D-5AA2-403D-9788-CC357CAA6233}.Release|Any CPU.ActiveCfg = Release|Any CPU
		{0D464B8D-5AA2-403D-9788-CC357CAA6233}.Release|Any CPU.Build.0 = Release|Any CPU
		{BF9986EA-4E7B-47D4-AA4A-BE045D099FDA}.Debug|Any CPU.ActiveCfg = Debug|Any CPU
		{BF9986EA-4E7B-47D4-AA4A-BE045D099FDA}.Debug|Any CPU.Build.0 = Debug|Any CPU
		{BF9986EA-4E7B-47D4-AA4A-BE045D099FDA}.Release|Any CPU.ActiveCfg = Release|Any CPU
		{BF9986EA-4E7B-47D4-AA4A-BE045D099FDA}.Release|Any CPU.Build.0 = Release|Any CPU
	EndGlobalSection
	GlobalSection(SolutionProperties) = preSolution
		HideSolutionNode = FALSE
	EndGlobalSection
	GlobalSection(ExtensibilityGlobals) = postSolution
		SolutionGuid = {F2AA5875-142A-4702-B43C-7671EA1402F5}
	EndGlobalSection
EndGlobal
